// !$*UTF8*$!
{
	archiveVersion = 1;
	classes = {
	};
	objectVersion = 56;
	objects = {

/* Begin PBXBuildFile section */
		C9B8542C2B07820800BFB07A /* RekrutApp.swift in Sources */ = {isa = PBXBuildFile; fileRef = C9B8542B2B07820800BFB07A /* RekrutApp.swift */; };
		C9B8542E2B07820800BFB07A /* ContentView.swift in Sources */ = {isa = PBXBuildFile; fileRef = C9B8542D2B07820800BFB07A /* ContentView.swift */; };
		C9B854302B07820900BFB07A /* Assets.xcassets in Resources */ = {isa = PBXBuildFile; fileRef = C9B8542F2B07820900BFB07A /* Assets.xcassets */; };
		C9B854342B07820900BFB07A /* Preview Assets.xcassets in Resources */ = {isa = PBXBuildFile; fileRef = C9B854332B07820900BFB07A /* Preview Assets.xcassets */; };
		C9B8543F2B0783A000BFB07A /* Resoults.xcdatamodeld in Sources */ = {isa = PBXBuildFile; fileRef = C9B8543B2B0783A000BFB07A /* Resoults.xcdatamodeld */; };
		C9B854402B0783A000BFB07A /* Persistance.swift in Sources */ = {isa = PBXBuildFile; fileRef = C9B8543D2B0783A000BFB07A /* Persistance.swift */; };
		C9B854412B0783A000BFB07A /* DataBaseView.swift in Sources */ = {isa = PBXBuildFile; fileRef = C9B8543E2B0783A000BFB07A /* DataBaseView.swift */; };
		C9B854432B07846C00BFB07A /* SwipeMenuView.swift in Sources */ = {isa = PBXBuildFile; fileRef = C9B854422B07846C00BFB07A /* SwipeMenuView.swift */; };
		C9F3DA5F2B0A6E8400A0DE27 /* TrainingViewModel.swift in Sources */ = {isa = PBXBuildFile; fileRef = C9F3DA582B0A6E8300A0DE27 /* TrainingViewModel.swift */; };
		C9F3DA602B0A6E8400A0DE27 /* TrainingView.swift in Sources */ = {isa = PBXBuildFile; fileRef = C9F3DA592B0A6E8300A0DE27 /* TrainingView.swift */; };
		C9F3DA612B0A6E8400A0DE27 /* RankingPoints.swift in Sources */ = {isa = PBXBuildFile; fileRef = C9F3DA5A2B0A6E8300A0DE27 /* RankingPoints.swift */; };
		C9F3DA622B0A6E8400A0DE27 /* WebView.swift in Sources */ = {isa = PBXBuildFile; fileRef = C9F3DA5B2B0A6E8300A0DE27 /* WebView.swift */; };
		C9F3DA632B0A6E8400A0DE27 /* TrainingModel.swift in Sources */ = {isa = PBXBuildFile; fileRef = C9F3DA5C2B0A6E8300A0DE27 /* TrainingModel.swift */; };
		C9F3DA642B0A6E8400A0DE27 /* GitView.swift in Sources */ = {isa = PBXBuildFile; fileRef = C9F3DA5D2B0A6E8300A0DE27 /* GitView.swift */; };
		C9F3DA652B0A6E8400A0DE27 /* NewsView.swift in Sources */ = {isa = PBXBuildFile; fileRef = C9F3DA5E2B0A6E8400A0DE27 /* NewsView.swift */; };
/* End PBXBuildFile section */

/* Begin PBXFileReference section */
		C9B854282B07820800BFB07A /* Rekrut.app */ = {isa = PBXFileReference; explicitFileType = wrapper.application; includeInIndex = 0; path = Rekrut.app; sourceTree = BUILT_PRODUCTS_DIR; };
		C9B8542B2B07820800BFB07A /* RekrutApp.swift */ = {isa = PBXFileReference; lastKnownFileType = sourcecode.swift; path = RekrutApp.swift; sourceTree = "<group>"; };
		C9B8542D2B07820800BFB07A /* ContentView.swift */ = {isa = PBXFileReference; lastKnownFileType = sourcecode.swift; path = ContentView.swift; sourceTree = "<group>"; };
		C9B8542F2B07820900BFB07A /* Assets.xcassets */ = {isa = PBXFileReference; lastKnownFileType = folder.assetcatalog; path = Assets.xcassets; sourceTree = "<group>"; };
		C9B854312B07820900BFB07A /* Rekrut.entitlements */ = {isa = PBXFileReference; lastKnownFileType = text.plist.entitlements; path = Rekrut.entitlements; sourceTree = "<group>"; };
		C9B854332B07820900BFB07A /* Preview Assets.xcassets */ = {isa = PBXFileReference; lastKnownFileType = folder.assetcatalog; path = "Preview Assets.xcassets"; sourceTree = "<group>"; };
		C9B8543C2B0783A000BFB07A /* Resoults.xcdatamodel */ = {isa = PBXFileReference; lastKnownFileType = wrapper.xcdatamodel; path = Resoults.xcdatamodel; sourceTree = "<group>"; };
		C9B8543D2B0783A000BFB07A /* Persistance.swift */ = {isa = PBXFileReference; fileEncoding = 4; lastKnownFileType = sourcecode.swift; path = Persistance.swift; sourceTree = "<group>"; };
		C9B8543E2B0783A000BFB07A /* DataBaseView.swift */ = {isa = PBXFileReference; fileEncoding = 4; lastKnownFileType = sourcecode.swift; path = DataBaseView.swift; sourceTree = "<group>"; };
		C9B854422B07846C00BFB07A /* SwipeMenuView.swift */ = {isa = PBXFileReference; fileEncoding = 4; lastKnownFileType = sourcecode.swift; path = SwipeMenuView.swift; sourceTree = "<group>"; };
		C9F3DA582B0A6E8300A0DE27 /* TrainingViewModel.swift */ = {isa = PBXFileReference; fileEncoding = 4; lastKnownFileType = sourcecode.swift; name = TrainingViewModel.swift; path = ../../../../../Programowanie/IOS/AcademyRecruit/AcademyRecruit/Views/TrainingViewModel.swift; sourceTree = "<group>"; };
		C9F3DA592B0A6E8300A0DE27 /* TrainingView.swift */ = {isa = PBXFileReference; fileEncoding = 4; lastKnownFileType = sourcecode.swift; name = TrainingView.swift; path = ../../../../../Programowanie/IOS/AcademyRecruit/AcademyRecruit/Views/TrainingView.swift; sourceTree = "<group>"; };
		C9F3DA5A2B0A6E8300A0DE27 /* RankingPoints.swift */ = {isa = PBXFileReference; fileEncoding = 4; lastKnownFileType = sourcecode.swift; name = RankingPoints.swift; path = ../../../../../Programowanie/IOS/ForestSurvive/ForestSurvive/RankingPoints.swift; sourceTree = "<group>"; };
		C9F3DA5B2B0A6E8300A0DE27 /* WebView.swift */ = {isa = PBXFileReference; fileEncoding = 4; lastKnownFileType = sourcecode.swift; name = WebView.swift; path = ../../../../../Programowanie/IOS/AcademyRecruit/AcademyRecruit/Views/WebView.swift; sourceTree = "<group>"; };
		C9F3DA5C2B0A6E8300A0DE27 /* TrainingModel.swift */ = {isa = PBXFileReference; fileEncoding = 4; lastKnownFileType = sourcecode.swift; name = TrainingModel.swift; path = ../../../../../Programowanie/IOS/AcademyRecruit/AcademyRecruit/Views/TrainingModel.swift; sourceTree = "<group>"; };
		C9F3DA5D2B0A6E8300A0DE27 /* GitView.swift */ = {isa = PBXFileReference; fileEncoding = 4; lastKnownFileType = sourcecode.swift; name = GitView.swift; path = ../../../../../Programowanie/IOS/AcademyRecruit/AcademyRecruit/Views/GitView.swift; sourceTree = "<group>"; };
		C9F3DA5E2B0A6E8400A0DE27 /* NewsView.swift */ = {isa = PBXFileReference; fileEncoding = 4; lastKnownFileType = sourcecode.swift; name = NewsView.swift; path = ../../../../../Programowanie/IOS/AcademyRecruit/AcademyRecruit/Views/NewsView.swift; sourceTree = "<group>"; };
/* End PBXFileReference section */

/* Begin PBXFrameworksBuildPhase section */
		C9B854252B07820800BFB07A /* Frameworks */ = {
			isa = PBXFrameworksBuildPhase;
			buildActionMask = 2147483647;
			files = (
			);
			runOnlyForDeploymentPostprocessing = 0;
		};
/* End PBXFrameworksBuildPhase section */

/* Begin PBXGroup section */
		C9B8541F2B07820800BFB07A = {
			isa = PBXGroup;
			children = (
				C9B8542A2B07820800BFB07A /* Rekrut */,
				C9B854292B07820800BFB07A /* Products */,
			);
			sourceTree = "<group>";
		};
		C9B854292B07820800BFB07A /* Products */ = {
			isa = PBXGroup;
			children = (
				C9B854282B07820800BFB07A /* Rekrut.app */,
			);
			name = Products;
			sourceTree = "<group>";
		};
		C9B8542A2B07820800BFB07A /* Rekrut */ = {
			isa = PBXGroup;
			children = (
				C9B8542B2B07820800BFB07A /* RekrutApp.swift */,
				C9B8542D2B07820800BFB07A /* ContentView.swift */,
				C9B8542F2B07820900BFB07A /* Assets.xcassets */,
				C9B854312B07820900BFB07A /* Rekrut.entitlements */,
				C9B854442B0784BA00BFB07A /* Views */,
				C9B8543A2B0783A000BFB07A /* DataBase */,
				C9B854322B07820900BFB07A /* Preview Content */,
			);
			path = Rekrut;
			sourceTree = "<group>";
		};
		C9B854322B07820900BFB07A /* Preview Content */ = {
			isa = PBXGroup;
			children = (
				C9B854332B07820900BFB07A /* Preview Assets.xcassets */,
			);
			path = "Preview Content";
			sourceTree = "<group>";
		};
		C9B8543A2B0783A000BFB07A /* DataBase */ = {
			isa = PBXGroup;
			children = (
				C9B8543B2B0783A000BFB07A /* Resoults.xcdatamodeld */,
				C9B8543D2B0783A000BFB07A /* Persistance.swift */,
				C9B8543E2B0783A000BFB07A /* DataBaseView.swift */,
			);
			path = DataBase;
			sourceTree = "<group>";
		};
		C9B854442B0784BA00BFB07A /* Views */ = {
			isa = PBXGroup;
			children = (
				C9B854422B07846C00BFB07A /* SwipeMenuView.swift */,
				C9F3DA5D2B0A6E8300A0DE27 /* GitView.swift */,
				C9F3DA5E2B0A6E8400A0DE27 /* NewsView.swift */,
				C9F3DA5A2B0A6E8300A0DE27 /* RankingPoints.swift */,
				C9F3DA5C2B0A6E8300A0DE27 /* TrainingModel.swift */,
				C9F3DA592B0A6E8300A0DE27 /* TrainingView.swift */,
				C9F3DA582B0A6E8300A0DE27 /* TrainingViewModel.swift */,
				C9F3DA5B2B0A6E8300A0DE27 /* WebView.swift */,
			);
			path = Views;
			sourceTree = "<group>";
		};
/* End PBXGroup section */

/* Begin PBXNativeTarget section */
		C9B854272B07820800BFB07A /* Rekrut */ = {
			isa = PBXNativeTarget;
			buildConfigurationList = C9B854372B07820900BFB07A /* Build configuration list for PBXNativeTarget "Rekrut" */;
			buildPhases = (
				C9B854242B07820800BFB07A /* Sources */,
				C9B854252B07820800BFB07A /* Frameworks */,
				C9B854262B07820800BFB07A /* Resources */,
			);
			buildRules = (
			);
			dependencies = (
			);
			name = Rekrut;
			productName = Rekrut;
			productReference = C9B854282B07820800BFB07A /* Rekrut.app */;
			productType = "com.apple.product-type.application";
		};
/* End PBXNativeTarget section */

/* Begin PBXProject section */
		C9B854202B07820800BFB07A /* Project object */ = {
			isa = PBXProject;
			attributes = {
				BuildIndependentTargetsInParallel = 1;
				LastSwiftUpdateCheck = 1500;
				LastUpgradeCheck = 1500;
				TargetAttributes = {
					C9B854272B07820800BFB07A = {
						CreatedOnToolsVersion = 15.0;
					};
				};
			};
			buildConfigurationList = C9B854232B07820800BFB07A /* Build configuration list for PBXProject "Rekrut" */;
			compatibilityVersion = "Xcode 14.0";
			developmentRegion = en;
			hasScannedForEncodings = 0;
			knownRegions = (
				en,
				Base,
			);
			mainGroup = C9B8541F2B07820800BFB07A;
			productRefGroup = C9B854292B07820800BFB07A /* Products */;
			projectDirPath = "";
			projectRoot = "";
			targets = (
				C9B854272B07820800BFB07A /* Rekrut */,
			);
		};
/* End PBXProject section */

/* Begin PBXResourcesBuildPhase section */
		C9B854262B07820800BFB07A /* Resources */ = {
			isa = PBXResourcesBuildPhase;
			buildActionMask = 2147483647;
			files = (
				C9B854342B07820900BFB07A /* Preview Assets.xcassets in Resources */,
				C9B854302B07820900BFB07A /* Assets.xcassets in Resources */,
			);
			runOnlyForDeploymentPostprocessing = 0;
		};
/* End PBXResourcesBuildPhase section */

/* Begin PBXSourcesBuildPhase section */
		C9B854242B07820800BFB07A /* Sources */ = {
			isa = PBXSourcesBuildPhase;
			buildActionMask = 2147483647;
			files = (
				C9F3DA612B0A6E8400A0DE27 /* RankingPoints.swift in Sources */,
				C9F3DA622B0A6E8400A0DE27 /* WebView.swift in Sources */,
				C9F3DA632B0A6E8400A0DE27 /* TrainingModel.swift in Sources */,
				C9B854432B07846C00BFB07A /* SwipeMenuView.swift in Sources */,
				C9F3DA5F2B0A6E8400A0DE27 /* TrainingViewModel.swift in Sources */,
				C9B8543F2B0783A000BFB07A /* Resoults.xcdatamodeld in Sources */,
				C9B854402B0783A000BFB07A /* Persistance.swift in Sources */,
				C9F3DA652B0A6E8400A0DE27 /* NewsView.swift in Sources */,
				C9F3DA602B0A6E8400A0DE27 /* TrainingView.swift in Sources */,
				C9B8542E2B07820800BFB07A /* ContentView.swift in Sources */,
				C9B8542C2B07820800BFB07A /* RekrutApp.swift in Sources */,
				C9B854412B0783A000BFB07A /* DataBaseView.swift in Sources */,
				C9F3DA642B0A6E8400A0DE27 /* GitView.swift in Sources */,
			);
			runOnlyForDeploymentPostprocessing = 0;
		};
/* End PBXSourcesBuildPhase section */

/* Begin XCBuildConfiguration section */
		C9B854352B07820900BFB07A /* Debug */ = {
			isa = XCBuildConfiguration;
			buildSettings = {
				ALWAYS_SEARCH_USER_PATHS = NO;
				ASSETCATALOG_COMPILER_GENERATE_SWIFT_ASSET_SYMBOL_EXTENSIONS = YES;
				CLANG_ANALYZER_NONNULL = YES;
				CLANG_ANALYZER_NUMBER_OBJECT_CONVERSION = YES_AGGRESSIVE;
				CLANG_CXX_LANGUAGE_STANDARD = "gnu++20";
				CLANG_ENABLE_MODULES = YES;
				CLANG_ENABLE_OBJC_ARC = YES;
				CLANG_ENABLE_OBJC_WEAK = YES;
				CLANG_WARN_BLOCK_CAPTURE_AUTORELEASING = YES;
				CLANG_WARN_BOOL_CONVERSION = YES;
				CLANG_WARN_COMMA = YES;
				CLANG_WARN_CONSTANT_CONVERSION = YES;
				CLANG_WARN_DEPRECATED_OBJC_IMPLEMENTATIONS = YES;
				CLANG_WARN_DIRECT_OBJC_ISA_USAGE = YES_ERROR;
				CLANG_WARN_DOCUMENTATION_COMMENTS = YES;
				CLANG_WARN_EMPTY_BODY = YES;
				CLANG_WARN_ENUM_CONVERSION = YES;
				CLANG_WARN_INFINITE_RECURSION = YES;
				CLANG_WARN_INT_CONVERSION = YES;
				CLANG_WARN_NON_LITERAL_NULL_CONVERSION = YES;
				CLANG_WARN_OBJC_IMPLICIT_RETAIN_SELF = YES;
				CLANG_WARN_OBJC_LITERAL_CONVERSION = YES;
				CLANG_WARN_OBJC_ROOT_CLASS = YES_ERROR;
				CLANG_WARN_QUOTED_INCLUDE_IN_FRAMEWORK_HEADER = YES;
				CLANG_WARN_RANGE_LOOP_ANALYSIS = YES;
				CLANG_WARN_STRICT_PROTOTYPES = YES;
				CLANG_WARN_SUSPICIOUS_MOVE = YES;
				CLANG_WARN_UNGUARDED_AVAILABILITY = YES_AGGRESSIVE;
				CLANG_WARN_UNREACHABLE_CODE = YES;
				CLANG_WARN__DUPLICATE_METHOD_MATCH = YES;
				COPY_PHASE_STRIP = NO;
				DEBUG_INFORMATION_FORMAT = dwarf;
				ENABLE_STRICT_OBJC_MSGSEND = YES;
				ENABLE_TESTABILITY = YES;
				ENABLE_USER_SCRIPT_SANDBOXING = YES;
				GCC_C_LANGUAGE_STANDARD = gnu17;
				GCC_DYNAMIC_NO_PIC = NO;
				GCC_NO_COMMON_BLOCKS = YES;
				GCC_OPTIMIZATION_LEVEL = 0;
				GCC_PREPROCESSOR_DEFINITIONS = (
					"DEBUG=1",
					"$(inherited)",
				);
				GCC_WARN_64_TO_32_BIT_CONVERSION = YES;
				GCC_WARN_ABOUT_RETURN_TYPE = YES_ERROR;
				GCC_WARN_UNDECLARED_SELECTOR = YES;
				GCC_WARN_UNINITIALIZED_AUTOS = YES_AGGRESSIVE;
				GCC_WARN_UNUSED_FUNCTION = YES;
				GCC_WARN_UNUSED_VARIABLE = YES;
				LOCALIZATION_PREFERS_STRING_CATALOGS = YES;
				MTL_ENABLE_DEBUG_INFO = INCLUDE_SOURCE;
				MTL_FAST_MATH = YES;
				ONLY_ACTIVE_ARCH = YES;
				SWIFT_ACTIVE_COMPILATION_CONDITIONS = "DEBUG $(inherited)";
				SWIFT_OPTIMIZATION_LEVEL = "-Onone";
			};
			name = Debug;
		};
		C9B854362B07820900BFB07A /* Release */ = {
			isa = XCBuildConfiguration;
			buildSettings = {
				ALWAYS_SEARCH_USER_PATHS = NO;
				ASSETCATALOG_COMPILER_GENERATE_SWIFT_ASSET_SYMBOL_EXTENSIONS = YES;
				CLANG_ANALYZER_NONNULL = YES;
				CLANG_ANALYZER_NUMBER_OBJECT_CONVERSION = YES_AGGRESSIVE;
				CLANG_CXX_LANGUAGE_STANDARD = "gnu++20";
				CLANG_ENABLE_MODULES = YES;
				CLANG_ENABLE_OBJC_ARC = YES;
				CLANG_ENABLE_OBJC_WEAK = YES;
				CLANG_WARN_BLOCK_CAPTURE_AUTORELEASING = YES;
				CLANG_WARN_BOOL_CONVERSION = YES;
				CLANG_WARN_COMMA = YES;
				CLANG_WARN_CONSTANT_CONVERSION = YES;
				CLANG_WARN_DEPRECATED_OBJC_IMPLEMENTATIONS = YES;
				CLANG_WARN_DIRECT_OBJC_ISA_USAGE = YES_ERROR;
				CLANG_WARN_DOCUMENTATION_COMMENTS = YES;
				CLANG_WARN_EMPTY_BODY = YES;
				CLANG_WARN_ENUM_CONVERSION = YES;
				CLANG_WARN_INFINITE_RECURSION = YES;
				CLANG_WARN_INT_CONVERSION = YES;
				CLANG_WARN_NON_LITERAL_NULL_CONVERSION = YES;
				CLANG_WARN_OBJC_IMPLICIT_RETAIN_SELF = YES;
				CLANG_WARN_OBJC_LITERAL_CONVERSION = YES;
				CLANG_WARN_OBJC_ROOT_CLASS = YES_ERROR;
				CLANG_WARN_QUOTED_INCLUDE_IN_FRAMEWORK_HEADER = YES;
				CLANG_WARN_RANGE_LOOP_ANALYSIS = YES;
				CLANG_WARN_STRICT_PROTOTYPES = YES;
				CLANG_WARN_SUSPICIOUS_MOVE = YES;
				CLANG_WARN_UNGUARDED_AVAILABILITY = YES_AGGRESSIVE;
				CLANG_WARN_UNREACHABLE_CODE = YES;
				CLANG_WARN__DUPLICATE_METHOD_MATCH = YES;
				COPY_PHASE_STRIP = NO;
				DEBUG_INFORMATION_FORMAT = "dwarf-with-dsym";
				ENABLE_NS_ASSERTIONS = NO;
				ENABLE_STRICT_OBJC_MSGSEND = YES;
				ENABLE_USER_SCRIPT_SANDBOXING = YES;
				GCC_C_LANGUAGE_STANDARD = gnu17;
				GCC_NO_COMMON_BLOCKS = YES;
				GCC_WARN_64_TO_32_BIT_CONVERSION = YES;
				GCC_WARN_ABOUT_RETURN_TYPE = YES_ERROR;
				GCC_WARN_UNDECLARED_SELECTOR = YES;
				GCC_WARN_UNINITIALIZED_AUTOS = YES_AGGRESSIVE;
				GCC_WARN_UNUSED_FUNCTION = YES;
				GCC_WARN_UNUSED_VARIABLE = YES;
				LOCALIZATION_PREFERS_STRING_CATALOGS = YES;
				MTL_ENABLE_DEBUG_INFO = NO;
				MTL_FAST_MATH = YES;
				SWIFT_COMPILATION_MODE = wholemodule;
			};
			name = Release;
		};
		C9B854382B07820900BFB07A /* Debug */ = {
			isa = XCBuildConfiguration;
			buildSettings = {
				ASSETCATALOG_COMPILER_APPICON_NAME = AppIcon;
				ASSETCATALOG_COMPILER_GLOBAL_ACCENT_COLOR_NAME = AccentColor;
				CODE_SIGN_ENTITLEMENTS = Rekrut/Rekrut.entitlements;
				CODE_SIGN_STYLE = Automatic;
				CURRENT_PROJECT_VERSION = 1;
				DEVELOPMENT_ASSET_PATHS = "\"Rekrut/Preview Content\"";
				DEVELOPMENT_TEAM = WYYD435V93;
				ENABLE_HARDENED_RUNTIME = YES;
				ENABLE_PREVIEWS = YES;
				GENERATE_INFOPLIST_FILE = YES;
				"INFOPLIST_KEY_UIApplicationSceneManifest_Generation[sdk=iphoneos*]" = YES;
				"INFOPLIST_KEY_UIApplicationSceneManifest_Generation[sdk=iphonesimulator*]" = YES;
				"INFOPLIST_KEY_UIApplicationSupportsIndirectInputEvents[sdk=iphoneos*]" = YES;
				"INFOPLIST_KEY_UIApplicationSupportsIndirectInputEvents[sdk=iphonesimulator*]" = YES;
				"INFOPLIST_KEY_UILaunchScreen_Generation[sdk=iphoneos*]" = YES;
				"INFOPLIST_KEY_UILaunchScreen_Generation[sdk=iphonesimulator*]" = YES;
				"INFOPLIST_KEY_UIStatusBarStyle[sdk=iphoneos*]" = UIStatusBarStyleDefault;
				"INFOPLIST_KEY_UIStatusBarStyle[sdk=iphonesimulator*]" = UIStatusBarStyleDefault;
				INFOPLIST_KEY_UISupportedInterfaceOrientations_iPad = "UIInterfaceOrientationPortrait UIInterfaceOrientationPortraitUpsideDown UIInterfaceOrientationLandscapeLeft UIInterfaceOrientationLandscapeRight";
				INFOPLIST_KEY_UISupportedInterfaceOrientations_iPhone = "UIInterfaceOrientationPortrait UIInterfaceOrientationLandscapeLeft UIInterfaceOrientationLandscapeRight";
				IPHONEOS_DEPLOYMENT_TARGET = 17.0;
				LD_RUNPATH_SEARCH_PATHS = "@executable_path/Frameworks";
				"LD_RUNPATH_SEARCH_PATHS[sdk=macosx*]" = "@executable_path/../Frameworks";
				MACOSX_DEPLOYMENT_TARGET = 14.0;
				MARKETING_VERSION = 1.0;
				PRODUCT_BUNDLE_IDENTIFIER = com.Cj.Rekrut;
				PRODUCT_NAME = "$(TARGET_NAME)";
				SDKROOT = auto;
				SUPPORTED_PLATFORMS = "iphoneos iphonesimulator macosx";
				SWIFT_EMIT_LOC_STRINGS = YES;
				SWIFT_VERSION = 5.0;
				TARGETED_DEVICE_FAMILY = "1,2";
			};
			name = Debug;
		};
		C9B854392B07820900BFB07A /* Release */ = {
			isa = XCBuildConfiguration;
			buildSettings = {
				ASSETCATALOG_COMPILER_APPICON_NAME = AppIcon;
				ASSETCATALOG_COMPILER_GLOBAL_ACCENT_COLOR_NAME = AccentColor;
				CODE_SIGN_ENTITLEMENTS = Rekrut/Rekrut.entitlements;
				CODE_SIGN_STYLE = Automatic;
				CURRENT_PROJECT_VERSION = 1;
				DEVELOPMENT_ASSET_PATHS = "\"Rekrut/Preview Content\"";
				DEVELOPMENT_TEAM = WYYD435V93;
				ENABLE_HARDENED_RUNTIME = YES;
				ENABLE_PREVIEWS = YES;
				GENERATE_INFOPLIST_FILE = YES;
				"INFOPLIST_KEY_UIApplicationSceneManifest_Generation[sdk=iphoneos*]" = YES;
				"INFOPLIST_KEY_UIApplicationSceneManifest_Generation[sdk=iphonesimulator*]" = YES;
				"INFOPLIST_KEY_UIApplicationSupportsIndirectInputEvents[sdk=iphoneos*]" = YES;
				"INFOPLIST_KEY_UIApplicationSupportsIndirectInputEvents[sdk=iphonesimulator*]" = YES;
				"INFOPLIST_KEY_UILaunchScreen_Generation[sdk=iphoneos*]" = YES;
				"INFOPLIST_KEY_UILaunchScreen_Generation[sdk=iphonesimulator*]" = YES;
				"INFOPLIST_KEY_UIStatusBarStyle[sdk=iphoneos*]" = UIStatusBarStyleDefault;
				"INFOPLIST_KEY_UIStatusBarStyle[sdk=iphonesimulator*]" = UIStatusBarStyleDefault;
				INFOPLIST_KEY_UISupportedInterfaceOrientations_iPad = "UIInterfaceOrientationPortrait UIInterfaceOrientationPortraitUpsideDown UIInterfaceOrientationLandscapeLeft UIInterfaceOrientationLandscapeRight";
				INFOPLIST_KEY_UISupportedInterfaceOrientations_iPhone = "UIInterfaceOrientationPortrait UIInterfaceOrientationLandscapeLeft UIInterfaceOrientationLandscapeRight";
				IPHONEOS_DEPLOYMENT_TARGET = 17.0;
				LD_RUNPATH_SEARCH_PATHS = "@executable_path/Frameworks";
				"LD_RUNPATH_SEARCH_PATHS[sdk=macosx*]" = "@executable_path/../Frameworks";
				MACOSX_DEPLOYMENT_TARGET = 14.0;
				MARKETING_VERSION = 1.0;
				PRODUCT_BUNDLE_IDENTIFIER = com.Cj.Rekrut;
				PRODUCT_NAME = "$(TARGET_NAME)";
				SDKROOT = auto;
				SUPPORTED_PLATFORMS = "iphoneos iphonesimulator macosx";
				SWIFT_EMIT_LOC_STRINGS = YES;
				SWIFT_VERSION = 5.0;
				TARGETED_DEVICE_FAMILY = "1,2";
			};
			name = Release;
		};
/* End XCBuildConfiguration section */

/* Begin XCConfigurationList section */
		C9B854232B07820800BFB07A /* Build configuration list for PBXProject "Rekrut" */ = {
			isa = XCConfigurationList;
			buildConfigurations = (
				C9B854352B07820900BFB07A /* Debug */,
				C9B854362B07820900BFB07A /* Release */,
			);
			defaultConfigurationIsVisible = 0;
			defaultConfigurationName = Release;
		};
		C9B854372B07820900BFB07A /* Build configuration list for PBXNativeTarget "Rekrut" */ = {
			isa = XCConfigurationList;
			buildConfigurations = (
				C9B854382B07820900BFB07A /* Debug */,
				C9B854392B07820900BFB07A /* Release */,
			);
			defaultConfigurationIsVisible = 0;
			defaultConfigurationName = Release;
		};
/* End XCConfigurationList section */

/* Begin XCVersionGroup section */
		C9B8543B2B0783A000BFB07A /* Resoults.xcdatamodeld */ = {
			isa = XCVersionGroup;
			children = (
				C9B8543C2B0783A000BFB07A /* Resoults.xcdatamodel */,
			);
			currentVersion = C9B8543C2B0783A000BFB07A /* Resoults.xcdatamodel */;
			path = Resoults.xcdatamodeld;
			sourceTree = "<group>";
			versionGroupType = wrapper.xcdatamodel;
		};
/* End XCVersionGroup section */
	};
	rootObject = C9B854202B07820800BFB07A /* Project object */;
}
