// !$*UTF8*$!
{
	archiveVersion = 1;
	classes = {
	};
	objectVersion = 56;
	objects = {

/* Begin PBXBuildFile section */
		C937C60E2B0BCEFF00FAA766 /* Localization.swift in Sources */ = {isa = PBXBuildFile; fileRef = C937C5ED2B0BCEFF00FAA766 /* Localization.swift */; };
		C937C60F2B0BCEFF00FAA766 /* SimulatioScoreView.swift in Sources */ = {isa = PBXBuildFile; fileRef = C937C5EE2B0BCEFF00FAA766 /* SimulatioScoreView.swift */; };
		C937C6102B0BCEFF00FAA766 /* DaysTo.swift in Sources */ = {isa = PBXBuildFile; fileRef = C937C5EF2B0BCEFF00FAA766 /* DaysTo.swift */; };
		C937C6112B0BCEFF00FAA766 /* lastTrainingView.swift in Sources */ = {isa = PBXBuildFile; fileRef = C937C5F02B0BCEFF00FAA766 /* lastTrainingView.swift */; };
		C937C6122B0BCEFF00FAA766 /* TaskViewModel.swift in Sources */ = {isa = PBXBuildFile; fileRef = C937C5F32B0BCEFF00FAA766 /* TaskViewModel.swift */; };
		C937C6132B0BCEFF00FAA766 /* CalendarViewProper .swift in Sources */ = {isa = PBXBuildFile; fileRef = C937C5F42B0BCEFF00FAA766 /* CalendarViewProper .swift */; };
		C937C6142B0BCEFF00FAA766 /* Task.swift in Sources */ = {isa = PBXBuildFile; fileRef = C937C5F62B0BCEFF00FAA766 /* Task.swift */; };
		C937C6152B0BCEFF00FAA766 /* MapView.swift in Sources */ = {isa = PBXBuildFile; fileRef = C937C5F82B0BCEFF00FAA766 /* MapView.swift */; };
		C937C6162B0BCEFF00FAA766 /* DeviceLocationService.swift in Sources */ = {isa = PBXBuildFile; fileRef = C937C5F92B0BCEFF00FAA766 /* DeviceLocationService.swift */; };
		C937C6172B0BCEFF00FAA766 /* Map.swift in Sources */ = {isa = PBXBuildFile; fileRef = C937C5FA2B0BCEFF00FAA766 /* Map.swift */; };
		C937C6182B0BCEFF00FAA766 /* SharedData.swift in Sources */ = {isa = PBXBuildFile; fileRef = C937C5FB2B0BCEFF00FAA766 /* SharedData.swift */; };
		C937C6192B0BCEFF00FAA766 /* HRmaxStruct.swift in Sources */ = {isa = PBXBuildFile; fileRef = C937C5FD2B0BCEFF00FAA766 /* HRmaxStruct.swift */; };
		C937C61D2B0BCEFF00FAA766 /* HRmaxViewModel.swift in Sources */ = {isa = PBXBuildFile; fileRef = C937C6032B0BCEFF00FAA766 /* HRmaxViewModel.swift */; };
		C937C61E2B0BCEFF00FAA766 /* HRmaxView.swift in Sources */ = {isa = PBXBuildFile; fileRef = C937C6042B0BCEFF00FAA766 /* HRmaxView.swift */; };
		C937C61F2B0BCEFF00FAA766 /* FitnessCalc.swift in Sources */ = {isa = PBXBuildFile; fileRef = C937C6052B0BCEFF00FAA766 /* FitnessCalc.swift */; };
		C937C6202B0BCEFF00FAA766 /* BmiCalc.swift in Sources */ = {isa = PBXBuildFile; fileRef = C937C6062B0BCEFF00FAA766 /* BmiCalc.swift */; };
		C937C6212B0BCEFF00FAA766 /* BmiViewModel.swift in Sources */ = {isa = PBXBuildFile; fileRef = C937C6072B0BCEFF00FAA766 /* BmiViewModel.swift */; };
		C937C6222B0BCEFF00FAA766 /* BmiStruct.swift in Sources */ = {isa = PBXBuildFile; fileRef = C937C6082B0BCEFF00FAA766 /* BmiStruct.swift */; };
		C937C6232B0BCEFF00FAA766 /* Resoults.xcdatamodeld in Sources */ = {isa = PBXBuildFile; fileRef = C937C60A2B0BCEFF00FAA766 /* Resoults.xcdatamodeld */; };
		C937C6242B0BCEFF00FAA766 /* Persistance.swift in Sources */ = {isa = PBXBuildFile; fileRef = C937C60C2B0BCEFF00FAA766 /* Persistance.swift */; };
		C937C6252B0BCEFF00FAA766 /* DataBaseView.swift in Sources */ = {isa = PBXBuildFile; fileRef = C937C60D2B0BCEFF00FAA766 /* DataBaseView.swift */; };
		C937C62F2B0BCF2A00FAA766 /* TrainingModel.swift in Sources */ = {isa = PBXBuildFile; fileRef = C937C6262B0BCF2900FAA766 /* TrainingModel.swift */; };
		C937C6302B0BCF2A00FAA766 /* NewsView.swift in Sources */ = {isa = PBXBuildFile; fileRef = C937C6272B0BCF2900FAA766 /* NewsView.swift */; };
		C937C6312B0BCF2A00FAA766 /* RankingPoints.swift in Sources */ = {isa = PBXBuildFile; fileRef = C937C6282B0BCF2900FAA766 /* RankingPoints.swift */; };
		C937C6322B0BCF2A00FAA766 /* TrainingView.swift in Sources */ = {isa = PBXBuildFile; fileRef = C937C6292B0BCF2900FAA766 /* TrainingView.swift */; };
		C937C6332B0BCF2A00FAA766 /* TrainingViewModel.swift in Sources */ = {isa = PBXBuildFile; fileRef = C937C62A2B0BCF2A00FAA766 /* TrainingViewModel.swift */; };
		C937C6342B0BCF2A00FAA766 /* SwipeMenuView.swift in Sources */ = {isa = PBXBuildFile; fileRef = C937C62B2B0BCF2A00FAA766 /* SwipeMenuView.swift */; };
		C937C6352B0BCF2A00FAA766 /* WebView.swift in Sources */ = {isa = PBXBuildFile; fileRef = C937C62C2B0BCF2A00FAA766 /* WebView.swift */; };
		C937C6362B0BCF2A00FAA766 /* MainPageView.swift in Sources */ = {isa = PBXBuildFile; fileRef = C937C62D2B0BCF2A00FAA766 /* MainPageView.swift */; };
		C937C6372B0BCF2A00FAA766 /* GitView.swift in Sources */ = {isa = PBXBuildFile; fileRef = C937C62E2B0BCF2A00FAA766 /* GitView.swift */; };
		C937C63A2B0BD7A700FAA766 /* Register.swift in Sources */ = {isa = PBXBuildFile; fileRef = C937C6392B0BD7A700FAA766 /* Register.swift */; };
		C9B8542C2B07820800BFB07A /* RekrutApp.swift in Sources */ = {isa = PBXBuildFile; fileRef = C9B8542B2B07820800BFB07A /* RekrutApp.swift */; };
		C9B8542E2B07820800BFB07A /* ContentView.swift in Sources */ = {isa = PBXBuildFile; fileRef = C9B8542D2B07820800BFB07A /* ContentView.swift */; };
		C9B854302B07820900BFB07A /* Assets.xcassets in Resources */ = {isa = PBXBuildFile; fileRef = C9B8542F2B07820900BFB07A /* Assets.xcassets */; };
		C9B854342B07820900BFB07A /* Preview Assets.xcassets in Resources */ = {isa = PBXBuildFile; fileRef = C9B854332B07820900BFB07A /* Preview Assets.xcassets */; };
/* End PBXBuildFile section */

/* Begin PBXFileReference section */
		C937C5ED2B0BCEFF00FAA766 /* Localization.swift */ = {isa = PBXFileReference; fileEncoding = 4; lastKnownFileType = sourcecode.swift; path = Localization.swift; sourceTree = "<group>"; };
		C937C5EE2B0BCEFF00FAA766 /* SimulatioScoreView.swift */ = {isa = PBXFileReference; fileEncoding = 4; lastKnownFileType = sourcecode.swift; path = SimulatioScoreView.swift; sourceTree = "<group>"; };
		C937C5EF2B0BCEFF00FAA766 /* DaysTo.swift */ = {isa = PBXFileReference; fileEncoding = 4; lastKnownFileType = sourcecode.swift; path = DaysTo.swift; sourceTree = "<group>"; };
		C937C5F02B0BCEFF00FAA766 /* lastTrainingView.swift */ = {isa = PBXFileReference; fileEncoding = 4; lastKnownFileType = sourcecode.swift; path = lastTrainingView.swift; sourceTree = "<group>"; };
		C937C5F32B0BCEFF00FAA766 /* TaskViewModel.swift */ = {isa = PBXFileReference; fileEncoding = 4; lastKnownFileType = sourcecode.swift; path = TaskViewModel.swift; sourceTree = "<group>"; };
		C937C5F42B0BCEFF00FAA766 /* CalendarViewProper .swift */ = {isa = PBXFileReference; fileEncoding = 4; lastKnownFileType = sourcecode.swift; path = "CalendarViewProper .swift"; sourceTree = "<group>"; };
		C937C5F62B0BCEFF00FAA766 /* Task.swift */ = {isa = PBXFileReference; fileEncoding = 4; lastKnownFileType = sourcecode.swift; path = Task.swift; sourceTree = "<group>"; };
		C937C5F82B0BCEFF00FAA766 /* MapView.swift */ = {isa = PBXFileReference; fileEncoding = 4; lastKnownFileType = sourcecode.swift; path = MapView.swift; sourceTree = "<group>"; };
		C937C5F92B0BCEFF00FAA766 /* DeviceLocationService.swift */ = {isa = PBXFileReference; fileEncoding = 4; lastKnownFileType = sourcecode.swift; path = DeviceLocationService.swift; sourceTree = "<group>"; };
		C937C5FA2B0BCEFF00FAA766 /* Map.swift */ = {isa = PBXFileReference; fileEncoding = 4; lastKnownFileType = sourcecode.swift; path = Map.swift; sourceTree = "<group>"; };
		C937C5FB2B0BCEFF00FAA766 /* SharedData.swift */ = {isa = PBXFileReference; fileEncoding = 4; lastKnownFileType = sourcecode.swift; path = SharedData.swift; sourceTree = "<group>"; };
		C937C5FD2B0BCEFF00FAA766 /* HRmaxStruct.swift */ = {isa = PBXFileReference; fileEncoding = 4; lastKnownFileType = sourcecode.swift; path = HRmaxStruct.swift; sourceTree = "<group>"; };
		C937C6032B0BCEFF00FAA766 /* HRmaxViewModel.swift */ = {isa = PBXFileReference; fileEncoding = 4; lastKnownFileType = sourcecode.swift; path = HRmaxViewModel.swift; sourceTree = "<group>"; };
		C937C6042B0BCEFF00FAA766 /* HRmaxView.swift */ = {isa = PBXFileReference; fileEncoding = 4; lastKnownFileType = sourcecode.swift; path = HRmaxView.swift; sourceTree = "<group>"; };
		C937C6052B0BCEFF00FAA766 /* FitnessCalc.swift */ = {isa = PBXFileReference; fileEncoding = 4; lastKnownFileType = sourcecode.swift; path = FitnessCalc.swift; sourceTree = "<group>"; };
		C937C6062B0BCEFF00FAA766 /* BmiCalc.swift */ = {isa = PBXFileReference; fileEncoding = 4; lastKnownFileType = sourcecode.swift; path = BmiCalc.swift; sourceTree = "<group>"; };
		C937C6072B0BCEFF00FAA766 /* BmiViewModel.swift */ = {isa = PBXFileReference; fileEncoding = 4; lastKnownFileType = sourcecode.swift; path = BmiViewModel.swift; sourceTree = "<group>"; };
		C937C6082B0BCEFF00FAA766 /* BmiStruct.swift */ = {isa = PBXFileReference; fileEncoding = 4; lastKnownFileType = sourcecode.swift; path = BmiStruct.swift; sourceTree = "<group>"; };
		C937C60B2B0BCEFF00FAA766 /* Resoults.xcdatamodel */ = {isa = PBXFileReference; lastKnownFileType = wrapper.xcdatamodel; path = Resoults.xcdatamodel; sourceTree = "<group>"; };
		C937C60C2B0BCEFF00FAA766 /* Persistance.swift */ = {isa = PBXFileReference; fileEncoding = 4; lastKnownFileType = sourcecode.swift; path = Persistance.swift; sourceTree = "<group>"; };
		C937C60D2B0BCEFF00FAA766 /* DataBaseView.swift */ = {isa = PBXFileReference; fileEncoding = 4; lastKnownFileType = sourcecode.swift; path = DataBaseView.swift; sourceTree = "<group>"; };
		C937C6262B0BCF2900FAA766 /* TrainingModel.swift */ = {isa = PBXFileReference; fileEncoding = 4; lastKnownFileType = sourcecode.swift; path = TrainingModel.swift; sourceTree = "<group>"; };
		C937C6272B0BCF2900FAA766 /* NewsView.swift */ = {isa = PBXFileReference; fileEncoding = 4; lastKnownFileType = sourcecode.swift; path = NewsView.swift; sourceTree = "<group>"; };
		C937C6282B0BCF2900FAA766 /* RankingPoints.swift */ = {isa = PBXFileReference; fileEncoding = 4; lastKnownFileType = sourcecode.swift; path = RankingPoints.swift; sourceTree = "<group>"; };
		C937C6292B0BCF2900FAA766 /* TrainingView.swift */ = {isa = PBXFileReference; fileEncoding = 4; lastKnownFileType = sourcecode.swift; path = TrainingView.swift; sourceTree = "<group>"; };
		C937C62A2B0BCF2A00FAA766 /* TrainingViewModel.swift */ = {isa = PBXFileReference; fileEncoding = 4; lastKnownFileType = sourcecode.swift; path = TrainingViewModel.swift; sourceTree = "<group>"; };
		C937C62B2B0BCF2A00FAA766 /* SwipeMenuView.swift */ = {isa = PBXFileReference; fileEncoding = 4; lastKnownFileType = sourcecode.swift; name = SwipeMenuView.swift; path = ../../../../../Programowanie/IOS/AcademyRecruit/AcademyRecruit/Views/SwipeMenuView.swift; sourceTree = "<group>"; };
		C937C62C2B0BCF2A00FAA766 /* WebView.swift */ = {isa = PBXFileReference; fileEncoding = 4; lastKnownFileType = sourcecode.swift; path = WebView.swift; sourceTree = "<group>"; };
		C937C62D2B0BCF2A00FAA766 /* MainPageView.swift */ = {isa = PBXFileReference; fileEncoding = 4; lastKnownFileType = sourcecode.swift; name = MainPageView.swift; path = ../../../../../Programowanie/IOS/AcademyRecruit/AcademyRecruit/Views/MainPageView.swift; sourceTree = "<group>"; };
		C937C62E2B0BCF2A00FAA766 /* GitView.swift */ = {isa = PBXFileReference; fileEncoding = 4; lastKnownFileType = sourcecode.swift; path = GitView.swift; sourceTree = "<group>"; };
		C937C6382B0BD66000FAA766 /* Info.plist */ = {isa = PBXFileReference; lastKnownFileType = text.plist; path = Info.plist; sourceTree = "<group>"; };
		C937C6392B0BD7A700FAA766 /* Register.swift */ = {isa = PBXFileReference; lastKnownFileType = sourcecode.swift; path = Register.swift; sourceTree = "<group>"; };
		C9B854282B07820800BFB07A /* Rekrut.app */ = {isa = PBXFileReference; explicitFileType = wrapper.application; includeInIndex = 0; path = Rekrut.app; sourceTree = BUILT_PRODUCTS_DIR; };
		C9B8542B2B07820800BFB07A /* RekrutApp.swift */ = {isa = PBXFileReference; lastKnownFileType = sourcecode.swift; path = RekrutApp.swift; sourceTree = "<group>"; };
		C9B8542D2B07820800BFB07A /* ContentView.swift */ = {isa = PBXFileReference; lastKnownFileType = sourcecode.swift; path = ContentView.swift; sourceTree = "<group>"; };
		C9B8542F2B07820900BFB07A /* Assets.xcassets */ = {isa = PBXFileReference; lastKnownFileType = folder.assetcatalog; path = Assets.xcassets; sourceTree = "<group>"; };
		C9B854312B07820900BFB07A /* Rekrut.entitlements */ = {isa = PBXFileReference; lastKnownFileType = text.plist.entitlements; path = Rekrut.entitlements; sourceTree = "<group>"; };
		C9B854332B07820900BFB07A /* Preview Assets.xcassets */ = {isa = PBXFileReference; lastKnownFileType = folder.assetcatalog; path = "Preview Assets.xcassets"; sourceTree = "<group>"; };
/* End PBXFileReference section */

/* Begin PBXFrameworksBuildPhase section */
		C9B854252B07820800BFB07A /* Frameworks */ = {
			isa = PBXFrameworksBuildPhase;
			buildActionMask = 2147483647;
			files = (
			);
			runOnlyForDeploymentPostprocessing = 0;
		};
/* End PBXFrameworksBuildPhase section */

/* Begin PBXGroup section */
		C937C5EC2B0BCEFF00FAA766 /* Bar */ = {
			isa = PBXGroup;
			children = (
				C937C5ED2B0BCEFF00FAA766 /* Localization.swift */,
				C937C5EE2B0BCEFF00FAA766 /* SimulatioScoreView.swift */,
				C937C5EF2B0BCEFF00FAA766 /* DaysTo.swift */,
				C937C5F02B0BCEFF00FAA766 /* lastTrainingView.swift */,
			);
			path = Bar;
			sourceTree = "<group>";
		};
		C937C5F12B0BCEFF00FAA766 /* Calendar */ = {
			isa = PBXGroup;
			children = (
				C937C5F22B0BCEFF00FAA766 /* ViewModel */,
				C937C5F42B0BCEFF00FAA766 /* CalendarViewProper .swift */,
				C937C5F52B0BCEFF00FAA766 /* Model */,
			);
			path = Calendar;
			sourceTree = "<group>";
		};
		C937C5F22B0BCEFF00FAA766 /* ViewModel */ = {
			isa = PBXGroup;
			children = (
				C937C5F32B0BCEFF00FAA766 /* TaskViewModel.swift */,
			);
			path = ViewModel;
			sourceTree = "<group>";
		};
		C937C5F52B0BCEFF00FAA766 /* Model */ = {
			isa = PBXGroup;
			children = (
				C937C5F62B0BCEFF00FAA766 /* Task.swift */,
			);
			path = Model;
			sourceTree = "<group>";
		};
		C937C5F72B0BCEFF00FAA766 /* Map */ = {
			isa = PBXGroup;
			children = (
				C937C5F82B0BCEFF00FAA766 /* MapView.swift */,
				C937C5F92B0BCEFF00FAA766 /* DeviceLocationService.swift */,
				C937C5FA2B0BCEFF00FAA766 /* Map.swift */,
				C937C5FB2B0BCEFF00FAA766 /* SharedData.swift */,
			);
			path = Map;
			sourceTree = "<group>";
		};
		C937C5FC2B0BCEFF00FAA766 /* FitnessCalc */ = {
			isa = PBXGroup;
			children = (
				C937C5FD2B0BCEFF00FAA766 /* HRmaxStruct.swift */,
				C937C6032B0BCEFF00FAA766 /* HRmaxViewModel.swift */,
				C937C6042B0BCEFF00FAA766 /* HRmaxView.swift */,
				C937C6052B0BCEFF00FAA766 /* FitnessCalc.swift */,
				C937C6062B0BCEFF00FAA766 /* BmiCalc.swift */,
				C937C6072B0BCEFF00FAA766 /* BmiViewModel.swift */,
				C937C6082B0BCEFF00FAA766 /* BmiStruct.swift */,
			);
			path = FitnessCalc;
			sourceTree = "<group>";
		};
		C937C6092B0BCEFF00FAA766 /* DataBase */ = {
			isa = PBXGroup;
			children = (
				C937C60A2B0BCEFF00FAA766 /* Resoults.xcdatamodeld */,
				C937C60C2B0BCEFF00FAA766 /* Persistance.swift */,
				C937C60D2B0BCEFF00FAA766 /* DataBaseView.swift */,
			);
			path = DataBase;
			sourceTree = "<group>";
		};
		C9B8541F2B07820800BFB07A = {
			isa = PBXGroup;
			children = (
				C9B8542A2B07820800BFB07A /* Rekrut */,
				C9B854292B07820800BFB07A /* Products */,
			);
			sourceTree = "<group>";
		};
		C9B854292B07820800BFB07A /* Products */ = {
			isa = PBXGroup;
			children = (
				C9B854282B07820800BFB07A /* Rekrut.app */,
			);
			name = Products;
			sourceTree = "<group>";
		};
		C9B8542A2B07820800BFB07A /* Rekrut */ = {
			isa = PBXGroup;
			children = (
				C937C6382B0BD66000FAA766 /* Info.plist */,
				C9B8542B2B07820800BFB07A /* RekrutApp.swift */,
				C9B8542D2B07820800BFB07A /* ContentView.swift */,
				C9B8542F2B07820900BFB07A /* Assets.xcassets */,
				C9B854312B07820900BFB07A /* Rekrut.entitlements */,
				C9B854442B0784BA00BFB07A /* Views */,
				C9B854322B07820900BFB07A /* Preview Content */,
			);
			path = Rekrut;
			sourceTree = "<group>";
		};
		C9B854322B07820900BFB07A /* Preview Content */ = {
			isa = PBXGroup;
			children = (
				C9B854332B07820900BFB07A /* Preview Assets.xcassets */,
			);
			path = "Preview Content";
			sourceTree = "<group>";
		};
		C9B854442B0784BA00BFB07A /* Views */ = {
			isa = PBXGroup;
			children = (
				C937C62E2B0BCF2A00FAA766 /* GitView.swift */,
				C937C62D2B0BCF2A00FAA766 /* MainPageView.swift */,
				C937C6272B0BCF2900FAA766 /* NewsView.swift */,
				C937C6282B0BCF2900FAA766 /* RankingPoints.swift */,
				C937C62B2B0BCF2A00FAA766 /* SwipeMenuView.swift */,
				C937C6262B0BCF2900FAA766 /* TrainingModel.swift */,
				C937C6292B0BCF2900FAA766 /* TrainingView.swift */,
				C937C62A2B0BCF2A00FAA766 /* TrainingViewModel.swift */,
				C937C62C2B0BCF2A00FAA766 /* WebView.swift */,
				C937C5EC2B0BCEFF00FAA766 /* Bar */,
				C937C5F12B0BCEFF00FAA766 /* Calendar */,
				C937C6092B0BCEFF00FAA766 /* DataBase */,
				C937C5FC2B0BCEFF00FAA766 /* FitnessCalc */,
				C937C5F72B0BCEFF00FAA766 /* Map */,
				C937C6392B0BD7A700FAA766 /* Register.swift */,
			);
			path = Views;
			sourceTree = "<group>";
		};
/* End PBXGroup section */

/* Begin PBXNativeTarget section */
		C9B854272B07820800BFB07A /* Rekrut */ = {
			isa = PBXNativeTarget;
			buildConfigurationList = C9B854372B07820900BFB07A /* Build configuration list for PBXNativeTarget "Rekrut" */;
			buildPhases = (
				C9B854242B07820800BFB07A /* Sources */,
				C9B854252B07820800BFB07A /* Frameworks */,
				C9B854262B07820800BFB07A /* Resources */,
			);
			buildRules = (
			);
			dependencies = (
			);
			name = Rekrut;
			productName = Rekrut;
			productReference = C9B854282B07820800BFB07A /* Rekrut.app */;
			productType = "com.apple.product-type.application";
		};
/* End PBXNativeTarget section */

/* Begin PBXProject section */
		C9B854202B07820800BFB07A /* Project object */ = {
			isa = PBXProject;
			attributes = {
				BuildIndependentTargetsInParallel = 1;
				LastSwiftUpdateCheck = 1500;
				LastUpgradeCheck = 1500;
				TargetAttributes = {
					C9B854272B07820800BFB07A = {
						CreatedOnToolsVersion = 15.0;
					};
				};
			};
			buildConfigurationList = C9B854232B07820800BFB07A /* Build configuration list for PBXProject "Rekrut" */;
			compatibilityVersion = "Xcode 14.0";
			developmentRegion = en;
			hasScannedForEncodings = 0;
			knownRegions = (
				en,
				Base,
			);
			mainGroup = C9B8541F2B07820800BFB07A;
			productRefGroup = C9B854292B07820800BFB07A /* Products */;
			projectDirPath = "";
			projectRoot = "";
			targets = (
				C9B854272B07820800BFB07A /* Rekrut */,
			);
		};
/* End PBXProject section */

/* Begin PBXResourcesBuildPhase section */
		C9B854262B07820800BFB07A /* Resources */ = {
			isa = PBXResourcesBuildPhase;
			buildActionMask = 2147483647;
			files = (
				C9B854342B07820900BFB07A /* Preview Assets.xcassets in Resources */,
				C9B854302B07820900BFB07A /* Assets.xcassets in Resources */,
			);
			runOnlyForDeploymentPostprocessing = 0;
		};
/* End PBXResourcesBuildPhase section */

/* Begin PBXSourcesBuildPhase section */
		C9B854242B07820800BFB07A /* Sources */ = {
			isa = PBXSourcesBuildPhase;
			buildActionMask = 2147483647;
			files = (
				C937C60F2B0BCEFF00FAA766 /* SimulatioScoreView.swift in Sources */,
				C937C6152B0BCEFF00FAA766 /* MapView.swift in Sources */,
				C937C6182B0BCEFF00FAA766 /* SharedData.swift in Sources */,
				C937C6192B0BCEFF00FAA766 /* HRmaxStruct.swift in Sources */,
				C937C6212B0BCEFF00FAA766 /* BmiViewModel.swift in Sources */,
				C937C6342B0BCF2A00FAA766 /* SwipeMenuView.swift in Sources */,
				C937C6172B0BCEFF00FAA766 /* Map.swift in Sources */,
				C937C6132B0BCEFF00FAA766 /* CalendarViewProper .swift in Sources */,
				C937C6232B0BCEFF00FAA766 /* Resoults.xcdatamodeld in Sources */,
				C937C6122B0BCEFF00FAA766 /* TaskViewModel.swift in Sources */,
				C9B8542E2B07820800BFB07A /* ContentView.swift in Sources */,
				C937C6362B0BCF2A00FAA766 /* MainPageView.swift in Sources */,
				C937C63A2B0BD7A700FAA766 /* Register.swift in Sources */,
				C937C61E2B0BCEFF00FAA766 /* HRmaxView.swift in Sources */,
				C937C62F2B0BCF2A00FAA766 /* TrainingModel.swift in Sources */,
				C937C60E2B0BCEFF00FAA766 /* Localization.swift in Sources */,
				C9B8542C2B07820800BFB07A /* RekrutApp.swift in Sources */,
				C937C6202B0BCEFF00FAA766 /* BmiCalc.swift in Sources */,
				C937C6302B0BCF2A00FAA766 /* NewsView.swift in Sources */,
				C937C6312B0BCF2A00FAA766 /* RankingPoints.swift in Sources */,
				C937C6352B0BCF2A00FAA766 /* WebView.swift in Sources */,
				C937C6332B0BCF2A00FAA766 /* TrainingViewModel.swift in Sources */,
				C937C6252B0BCEFF00FAA766 /* DataBaseView.swift in Sources */,
				C937C6222B0BCEFF00FAA766 /* BmiStruct.swift in Sources */,
				C937C6322B0BCF2A00FAA766 /* TrainingView.swift in Sources */,
				C937C6372B0BCF2A00FAA766 /* GitView.swift in Sources */,
				C937C6112B0BCEFF00FAA766 /* lastTrainingView.swift in Sources */,
				C937C6102B0BCEFF00FAA766 /* DaysTo.swift in Sources */,
				C937C61D2B0BCEFF00FAA766 /* HRmaxViewModel.swift in Sources */,
				C937C61F2B0BCEFF00FAA766 /* FitnessCalc.swift in Sources */,
				C937C6162B0BCEFF00FAA766 /* DeviceLocationService.swift in Sources */,
				C937C6142B0BCEFF00FAA766 /* Task.swift in Sources */,
				C937C6242B0BCEFF00FAA766 /* Persistance.swift in Sources */,
			);
			runOnlyForDeploymentPostprocessing = 0;
		};
/* End PBXSourcesBuildPhase section */

/* Begin XCBuildConfiguration section */
		C9B854352B07820900BFB07A /* Debug */ = {
			isa = XCBuildConfiguration;
			buildSettings = {
				ALWAYS_SEARCH_USER_PATHS = NO;
				ASSETCATALOG_COMPILER_GENERATE_SWIFT_ASSET_SYMBOL_EXTENSIONS = YES;
				CLANG_ANALYZER_NONNULL = YES;
				CLANG_ANALYZER_NUMBER_OBJECT_CONVERSION = YES_AGGRESSIVE;
				CLANG_CXX_LANGUAGE_STANDARD = "gnu++20";
				CLANG_ENABLE_MODULES = YES;
				CLANG_ENABLE_OBJC_ARC = YES;
				CLANG_ENABLE_OBJC_WEAK = YES;
				CLANG_WARN_BLOCK_CAPTURE_AUTORELEASING = YES;
				CLANG_WARN_BOOL_CONVERSION = YES;
				CLANG_WARN_COMMA = YES;
				CLANG_WARN_CONSTANT_CONVERSION = YES;
				CLANG_WARN_DEPRECATED_OBJC_IMPLEMENTATIONS = YES;
				CLANG_WARN_DIRECT_OBJC_ISA_USAGE = YES_ERROR;
				CLANG_WARN_DOCUMENTATION_COMMENTS = YES;
				CLANG_WARN_EMPTY_BODY = YES;
				CLANG_WARN_ENUM_CONVERSION = YES;
				CLANG_WARN_INFINITE_RECURSION = YES;
				CLANG_WARN_INT_CONVERSION = YES;
				CLANG_WARN_NON_LITERAL_NULL_CONVERSION = YES;
				CLANG_WARN_OBJC_IMPLICIT_RETAIN_SELF = YES;
				CLANG_WARN_OBJC_LITERAL_CONVERSION = YES;
				CLANG_WARN_OBJC_ROOT_CLASS = YES_ERROR;
				CLANG_WARN_QUOTED_INCLUDE_IN_FRAMEWORK_HEADER = YES;
				CLANG_WARN_RANGE_LOOP_ANALYSIS = YES;
				CLANG_WARN_STRICT_PROTOTYPES = YES;
				CLANG_WARN_SUSPICIOUS_MOVE = YES;
				CLANG_WARN_UNGUARDED_AVAILABILITY = YES_AGGRESSIVE;
				CLANG_WARN_UNREACHABLE_CODE = YES;
				CLANG_WARN__DUPLICATE_METHOD_MATCH = YES;
				COPY_PHASE_STRIP = NO;
				DEBUG_INFORMATION_FORMAT = dwarf;
				ENABLE_STRICT_OBJC_MSGSEND = YES;
				ENABLE_TESTABILITY = YES;
				ENABLE_USER_SCRIPT_SANDBOXING = YES;
				GCC_C_LANGUAGE_STANDARD = gnu17;
				GCC_DYNAMIC_NO_PIC = NO;
				GCC_NO_COMMON_BLOCKS = YES;
				GCC_OPTIMIZATION_LEVEL = 0;
				GCC_PREPROCESSOR_DEFINITIONS = (
					"DEBUG=1",
					"$(inherited)",
				);
				GCC_WARN_64_TO_32_BIT_CONVERSION = YES;
				GCC_WARN_ABOUT_RETURN_TYPE = YES_ERROR;
				GCC_WARN_UNDECLARED_SELECTOR = YES;
				GCC_WARN_UNINITIALIZED_AUTOS = YES_AGGRESSIVE;
				GCC_WARN_UNUSED_FUNCTION = YES;
				GCC_WARN_UNUSED_VARIABLE = YES;
				LOCALIZATION_PREFERS_STRING_CATALOGS = YES;
				MTL_ENABLE_DEBUG_INFO = INCLUDE_SOURCE;
				MTL_FAST_MATH = YES;
				ONLY_ACTIVE_ARCH = YES;
				SWIFT_ACTIVE_COMPILATION_CONDITIONS = "DEBUG $(inherited)";
				SWIFT_OPTIMIZATION_LEVEL = "-Onone";
			};
			name = Debug;
		};
		C9B854362B07820900BFB07A /* Release */ = {
			isa = XCBuildConfiguration;
			buildSettings = {
				ALWAYS_SEARCH_USER_PATHS = NO;
				ASSETCATALOG_COMPILER_GENERATE_SWIFT_ASSET_SYMBOL_EXTENSIONS = YES;
				CLANG_ANALYZER_NONNULL = YES;
				CLANG_ANALYZER_NUMBER_OBJECT_CONVERSION = YES_AGGRESSIVE;
				CLANG_CXX_LANGUAGE_STANDARD = "gnu++20";
				CLANG_ENABLE_MODULES = YES;
				CLANG_ENABLE_OBJC_ARC = YES;
				CLANG_ENABLE_OBJC_WEAK = YES;
				CLANG_WARN_BLOCK_CAPTURE_AUTORELEASING = YES;
				CLANG_WARN_BOOL_CONVERSION = YES;
				CLANG_WARN_COMMA = YES;
				CLANG_WARN_CONSTANT_CONVERSION = YES;
				CLANG_WARN_DEPRECATED_OBJC_IMPLEMENTATIONS = YES;
				CLANG_WARN_DIRECT_OBJC_ISA_USAGE = YES_ERROR;
				CLANG_WARN_DOCUMENTATION_COMMENTS = YES;
				CLANG_WARN_EMPTY_BODY = YES;
				CLANG_WARN_ENUM_CONVERSION = YES;
				CLANG_WARN_INFINITE_RECURSION = YES;
				CLANG_WARN_INT_CONVERSION = YES;
				CLANG_WARN_NON_LITERAL_NULL_CONVERSION = YES;
				CLANG_WARN_OBJC_IMPLICIT_RETAIN_SELF = YES;
				CLANG_WARN_OBJC_LITERAL_CONVERSION = YES;
				CLANG_WARN_OBJC_ROOT_CLASS = YES_ERROR;
				CLANG_WARN_QUOTED_INCLUDE_IN_FRAMEWORK_HEADER = YES;
				CLANG_WARN_RANGE_LOOP_ANALYSIS = YES;
				CLANG_WARN_STRICT_PROTOTYPES = YES;
				CLANG_WARN_SUSPICIOUS_MOVE = YES;
				CLANG_WARN_UNGUARDED_AVAILABILITY = YES_AGGRESSIVE;
				CLANG_WARN_UNREACHABLE_CODE = YES;
				CLANG_WARN__DUPLICATE_METHOD_MATCH = YES;
				COPY_PHASE_STRIP = NO;
				DEBUG_INFORMATION_FORMAT = "dwarf-with-dsym";
				ENABLE_NS_ASSERTIONS = NO;
				ENABLE_STRICT_OBJC_MSGSEND = YES;
				ENABLE_USER_SCRIPT_SANDBOXING = YES;
				GCC_C_LANGUAGE_STANDARD = gnu17;
				GCC_NO_COMMON_BLOCKS = YES;
				GCC_WARN_64_TO_32_BIT_CONVERSION = YES;
				GCC_WARN_ABOUT_RETURN_TYPE = YES_ERROR;
				GCC_WARN_UNDECLARED_SELECTOR = YES;
				GCC_WARN_UNINITIALIZED_AUTOS = YES_AGGRESSIVE;
				GCC_WARN_UNUSED_FUNCTION = YES;
				GCC_WARN_UNUSED_VARIABLE = YES;
				LOCALIZATION_PREFERS_STRING_CATALOGS = YES;
				MTL_ENABLE_DEBUG_INFO = NO;
				MTL_FAST_MATH = YES;
				SWIFT_COMPILATION_MODE = wholemodule;
			};
			name = Release;
		};
		C9B854382B07820900BFB07A /* Debug */ = {
			isa = XCBuildConfiguration;
			buildSettings = {
				ASSETCATALOG_COMPILER_APPICON_NAME = AppIcon;
				ASSETCATALOG_COMPILER_GLOBAL_ACCENT_COLOR_NAME = AccentColor;
				CODE_SIGN_ENTITLEMENTS = Rekrut/Rekrut.entitlements;
				CODE_SIGN_STYLE = Automatic;
				CURRENT_PROJECT_VERSION = 1;
				DEVELOPMENT_ASSET_PATHS = "\"Rekrut/Preview Content\"";
				DEVELOPMENT_TEAM = WYYD435V93;
				ENABLE_HARDENED_RUNTIME = YES;
				ENABLE_PREVIEWS = YES;
				GENERATE_INFOPLIST_FILE = YES;
				INFOPLIST_FILE = Rekrut/Info.plist;
				INFOPLIST_KEY_CFBundleDisplayName = "";
				INFOPLIST_KEY_LSApplicationCategoryType = "";
				INFOPLIST_KEY_NSLocationWhenInUseUsageDescription = "Let app see your location";
				"INFOPLIST_KEY_UIApplicationSceneManifest_Generation[sdk=iphoneos*]" = YES;
				"INFOPLIST_KEY_UIApplicationSceneManifest_Generation[sdk=iphonesimulator*]" = YES;
				"INFOPLIST_KEY_UIApplicationSupportsIndirectInputEvents[sdk=iphoneos*]" = YES;
				"INFOPLIST_KEY_UIApplicationSupportsIndirectInputEvents[sdk=iphonesimulator*]" = YES;
				"INFOPLIST_KEY_UILaunchScreen_Generation[sdk=iphoneos*]" = YES;
				"INFOPLIST_KEY_UILaunchScreen_Generation[sdk=iphonesimulator*]" = YES;
				"INFOPLIST_KEY_UIStatusBarStyle[sdk=iphoneos*]" = UIStatusBarStyleDefault;
				"INFOPLIST_KEY_UIStatusBarStyle[sdk=iphonesimulator*]" = UIStatusBarStyleDefault;
				INFOPLIST_KEY_UISupportedInterfaceOrientations_iPad = "UIInterfaceOrientationPortrait UIInterfaceOrientationPortraitUpsideDown UIInterfaceOrientationLandscapeLeft UIInterfaceOrientationLandscapeRight";
				INFOPLIST_KEY_UISupportedInterfaceOrientations_iPhone = "UIInterfaceOrientationPortrait UIInterfaceOrientationPortrait UIInterfaceOrientationLandscapeLeft UIInterfaceOrientationLandscapeRight";
				INFOPLIST_KEY_UIUserInterfaceStyle = Light;
				IPHONEOS_DEPLOYMENT_TARGET = 16.0;
				LD_RUNPATH_SEARCH_PATHS = "@executable_path/Frameworks";
				"LD_RUNPATH_SEARCH_PATHS[sdk=macosx*]" = "@executable_path/../Frameworks";
				MACOSX_DEPLOYMENT_TARGET = 14.0;
				MARKETING_VERSION = 1.0;
				PRODUCT_BUNDLE_IDENTIFIER = com.Cj.Rekrut;
				PRODUCT_NAME = "$(TARGET_NAME)";
				SDKROOT = auto;
				SUPPORTED_PLATFORMS = "iphoneos iphonesimulator";
				SUPPORTS_MACCATALYST = NO;
				SWIFT_EMIT_LOC_STRINGS = YES;
				SWIFT_VERSION = 5.0;
				TARGETED_DEVICE_FAMILY = "1,2";
			};
			name = Debug;
		};
		C9B854392B07820900BFB07A /* Release */ = {
			isa = XCBuildConfiguration;
			buildSettings = {
				ASSETCATALOG_COMPILER_APPICON_NAME = AppIcon;
				ASSETCATALOG_COMPILER_GLOBAL_ACCENT_COLOR_NAME = AccentColor;
				CODE_SIGN_ENTITLEMENTS = Rekrut/Rekrut.entitlements;
				CODE_SIGN_STYLE = Automatic;
				CURRENT_PROJECT_VERSION = 1;
				DEVELOPMENT_ASSET_PATHS = "\"Rekrut/Preview Content\"";
				DEVELOPMENT_TEAM = WYYD435V93;
				ENABLE_HARDENED_RUNTIME = YES;
				ENABLE_PREVIEWS = YES;
				GENERATE_INFOPLIST_FILE = YES;
				INFOPLIST_FILE = Rekrut/Info.plist;
				INFOPLIST_KEY_CFBundleDisplayName = "";
				INFOPLIST_KEY_LSApplicationCategoryType = "";
				INFOPLIST_KEY_NSLocationWhenInUseUsageDescription = "Let app see your location";
				"INFOPLIST_KEY_UIApplicationSceneManifest_Generation[sdk=iphoneos*]" = YES;
				"INFOPLIST_KEY_UIApplicationSceneManifest_Generation[sdk=iphonesimulator*]" = YES;
				"INFOPLIST_KEY_UIApplicationSupportsIndirectInputEvents[sdk=iphoneos*]" = YES;
				"INFOPLIST_KEY_UIApplicationSupportsIndirectInputEvents[sdk=iphonesimulator*]" = YES;
				"INFOPLIST_KEY_UILaunchScreen_Generation[sdk=iphoneos*]" = YES;
				"INFOPLIST_KEY_UILaunchScreen_Generation[sdk=iphonesimulator*]" = YES;
				"INFOPLIST_KEY_UIStatusBarStyle[sdk=iphoneos*]" = UIStatusBarStyleDefault;
				"INFOPLIST_KEY_UIStatusBarStyle[sdk=iphonesimulator*]" = UIStatusBarStyleDefault;
				INFOPLIST_KEY_UISupportedInterfaceOrientations_iPad = "UIInterfaceOrientationPortrait UIInterfaceOrientationPortraitUpsideDown UIInterfaceOrientationLandscapeLeft UIInterfaceOrientationLandscapeRight";
				INFOPLIST_KEY_UISupportedInterfaceOrientations_iPhone = "UIInterfaceOrientationPortrait UIInterfaceOrientationPortrait UIInterfaceOrientationLandscapeLeft UIInterfaceOrientationLandscapeRight";
				INFOPLIST_KEY_UIUserInterfaceStyle = Light;
				IPHONEOS_DEPLOYMENT_TARGET = 16.0;
				LD_RUNPATH_SEARCH_PATHS = "@executable_path/Frameworks";
				"LD_RUNPATH_SEARCH_PATHS[sdk=macosx*]" = "@executable_path/../Frameworks";
				MACOSX_DEPLOYMENT_TARGET = 14.0;
				MARKETING_VERSION = 1.0;
				PRODUCT_BUNDLE_IDENTIFIER = com.Cj.Rekrut;
				PRODUCT_NAME = "$(TARGET_NAME)";
				SDKROOT = auto;
				SUPPORTED_PLATFORMS = "iphoneos iphonesimulator";
				SUPPORTS_MACCATALYST = NO;
				SWIFT_EMIT_LOC_STRINGS = YES;
				SWIFT_VERSION = 5.0;
				TARGETED_DEVICE_FAMILY = "1,2";
			};
			name = Release;
		};
/* End XCBuildConfiguration section */

/* Begin XCConfigurationList section */
		C9B854232B07820800BFB07A /* Build configuration list for PBXProject "Rekrut" */ = {
			isa = XCConfigurationList;
			buildConfigurations = (
				C9B854352B07820900BFB07A /* Debug */,
				C9B854362B07820900BFB07A /* Release */,
			);
			defaultConfigurationIsVisible = 0;
			defaultConfigurationName = Release;
		};
		C9B854372B07820900BFB07A /* Build configuration list for PBXNativeTarget "Rekrut" */ = {
			isa = XCConfigurationList;
			buildConfigurations = (
				C9B854382B07820900BFB07A /* Debug */,
				C9B854392B07820900BFB07A /* Release */,
			);
			defaultConfigurationIsVisible = 0;
			defaultConfigurationName = Release;
		};
/* End XCConfigurationList section */

/* Begin XCVersionGroup section */
		C937C60A2B0BCEFF00FAA766 /* Resoults.xcdatamodeld */ = {
			isa = XCVersionGroup;
			children = (
				C937C60B2B0BCEFF00FAA766 /* Resoults.xcdatamodel */,
			);
			currentVersion = C937C60B2B0BCEFF00FAA766 /* Resoults.xcdatamodel */;
			path = Resoults.xcdatamodeld;
			sourceTree = "<group>";
			versionGroupType = wrapper.xcdatamodel;
		};
/* End XCVersionGroup section */
	};
	rootObject = C9B854202B07820800BFB07A /* Project object */;
}
